# This file is autogenerated, do not edit; changes may be undone by the next 'dep ensure'.


[[projects]]
  name = "github.com/urfave/cli"
  packages = ["."]
  revision = "cfb38830724cc34fedffe9a2a29fb54fa9169cd1"
  version = "v1.20.0"

[[projects]]
  branch = "v1"
  name = "gopkg.in/check.v1"
  packages = ["."]
  revision = "20d25e2804050c1cd24a7eea1e7a6447dd0e74ec"

[[projects]]
  branch = "v1"
  name = "gopkg.in/jarcoal/httpmock.v1"
  packages = ["."]
  revision = "61bcb58a07522fbdf76a4cb03c57f5a52683d636"

[solve-meta]
  analyzer-name = "dep"
  analyzer-version = 1
  inputs-digest = "74c5d3e1daf9bcee091893b85556944c4d4e600d9599ea9e529a00e03b8b04d5"
  solver-name = "gps-cdcl"
  solver-version = 1
